
Microsoft Visual Studio Solution File, Format Version 12.00
# Visual Studio Version 16
VisualStudioVersion = 16.0.29215.179
MinimumVisualStudioVersion = 10.0.40219.1
Project("{FAE04EC0-301F-11D3-BF4B-00C04F79EFBC}") = "StudentClassProject", "StudentClassProject\StudentClassProject.csproj", "{9307A42E-8832-4BC1-9CD7-574CD46AC92B}"
EndProject
Global
	GlobalSection(SolutionConfigurationPlatforms) = preSolution
		Debug|Any CPU = Debug|Any CPU
		Release|Any CPU = Release|Any CPU
	EndGlobalSection
	GlobalSection(ProjectConfigurationPlatforms) = postSolution
		{9307A42E-8832-4BC1-9CD7-574CD46AC92B}.Debug|Any CPU.ActiveCfg = Debug|Any CPU
		{9307A42E-8832-4BC1-9CD7-574CD46AC92B}.Debug|Any CPU.Build.0 = Debug|Any CPU
		{9307A42E-8832-4BC1-9CD7-574CD46AC92B}.Release|Any CPU.ActiveCfg = Release|Any CPU
		{9307A42E-8832-4BC1-9CD7-574CD46AC92B}.Release|Any CPU.Build.0 = Release|Any CPU
	EndGlobalSection
	GlobalSection(SolutionProperties) = preSolution
		HideSolutionNode = FALSE
	EndGlobalSection
	GlobalSection(ExtensibilityGlobals) = postSolution
		SolutionGuid = {F3D2E959-D883-45A1-BECB-CD65CCFE0B3D}
	EndGlobalSection
EndGlobal
